<?xml version="1.0" encoding="utf-8"?>
<Project ToolsVersion="4.0" xmlns="http://schemas.microsoft.com/developer/msbuild/2003">
  <ItemGroup>
    <Filter Include="Source files">
      <UniqueIdentifier>{d4e4096a-04d8-4865-8351-0654d899e16b}</UniqueIdentifier>
      <Extensions>cpp;c;cc;cxx;def;odl;idl;hpj;bat;asm;asmx</Extensions>
    </Filter>
    <Filter Include="Header files">
      <UniqueIdentifier>{7266ff40-275f-424a-a2df-dee5e8668de8}</UniqueIdentifier>
      <Extensions>h;hpp;hxx;hm;inl;inc;xsd</Extensions>
    </Filter>
    <Filter Include="Source files\Device-specific files">
      <UniqueIdentifier>{d7062176-0433-40a6-9c0b-0e92b638c3cd}</UniqueIdentifier>
    </Filter>
    <Filter Include="Header files\Device-specific files">
      <UniqueIdentifier>{464e4069-a583-4aea-be6c-99b8023ca20b}</UniqueIdentifier>
    </Filter>
    <Filter Include="VisualGDB settings">
      <UniqueIdentifier>{a7cbe745-7fcf-482b-984a-6ed1964497c3}</UniqueIdentifier>
    </Filter>
    <Filter Include="Source files\Project">
      <UniqueIdentifier>{cb1a8189-ebc3-4f0d-9b22-a037717de9ac}</UniqueIdentifier>
    </Filter>
  </ItemGroup>
  <ItemGroup>
    <ClCompile Include="$(BSP_ROOT)\STM32WBxxxx\StartupFiles\startup_stm32wb55xx_cm4.c">
      <Filter>Source files\Device-specific files</Filter>
    </ClCompile>
    <ClInclude Include="stm32wbxx_hal_conf.h">
      <Filter>Header files</Filter>
    </ClInclude>
    <None Include="BLEcustom-Debug.vgdbsettings">
      <Filter>VisualGDB settings</Filter>
    </None>
    <None Include="BLEcustom-Release.vgdbsettings">
      <Filter>VisualGDB settings</Filter>
    </None>
    <None Include="stm32wb.xml">
      <Filter>VisualGDB settings</Filter>
    </None>
    <ClCompile Include="main.c">
      <Filter>Source files\Project</Filter>
    </ClCompile>
    <ClCompile Include="system_stm32wbxx.c">
      <Filter>Source files\Device-specific files</Filter>
    </ClCompile>
  </ItemGroup>
  <ItemGroup>
    <None Include="stm32wb.props">
      <Filter>VisualGDB settings</Filter>
    </None>
  </ItemGroup>
</Project>